
Microsoft Visual Studio Solution File, Format Version 12.00
# Visual Studio Version 17
VisualStudioVersion = 17.5.33424.131
MinimumVisualStudioVersion = 10.0.40219.1
Project("{FAE04EC0-301F-11D3-BF4B-00C04F79EFBC}") = "JWTTOKEN", "JWTTOKEN.csproj", "{3C1A92CC-24ED-4659-9ABA-82F3CF36FBFA}"
EndProject
Global
	GlobalSection(SolutionConfigurationPlatforms) = preSolution
		Debug|Any CPU = Debug|Any CPU
		Release|Any CPU = Release|Any CPU
	EndGlobalSection
	GlobalSection(ProjectConfigurationPlatforms) = postSolution
		{3C1A92CC-24ED-4659-9ABA-82F3CF36FBFA}.Debug|Any CPU.ActiveCfg = Debug|Any CPU
		{3C1A92CC-24ED-4659-9ABA-82F3CF36FBFA}.Debug|Any CPU.Build.0 = Debug|Any CPU
		{3C1A92CC-24ED-4659-9ABA-82F3CF36FBFA}.Release|Any CPU.ActiveCfg = Release|Any CPU
		{3C1A92CC-24ED-4659-9ABA-82F3CF36FBFA}.Release|Any CPU.Build.0 = Release|Any CPU
	EndGlobalSection
	GlobalSection(SolutionProperties) = preSolution
		HideSolutionNode = FALSE
	EndGlobalSection
	GlobalSection(ExtensibilityGlobals) = postSolution
		SolutionGuid = {B79EC107-0519-4B20-8B8E-0045D015D449}
	EndGlobalSection
EndGlobal
